
Microsoft Visual Studio Solution File, Format Version 12.00
# Visual Studio Express 2012 for Web
Project("{FAE04EC0-301F-11D3-BF4B-00C04F79EFBC}") = "PlaceholderHomepage", "PlaceholderHomepage\PlaceholderHomepage.csproj", "{D1A37F3C-1B97-4970-B464-50184345F997}"
EndProject
Global
	GlobalSection(SolutionConfigurationPlatforms) = preSolution
		Debug|Any CPU = Debug|Any CPU
		Release|Any CPU = Release|Any CPU
	EndGlobalSection
	GlobalSection(ProjectConfigurationPlatforms) = postSolution
		{D1A37F3C-1B97-4970-B464-50184345F997}.Debug|Any CPU.ActiveCfg = Debug|Any CPU
		{D1A37F3C-1B97-4970-B464-50184345F997}.Debug|Any CPU.Build.0 = Debug|Any CPU
		{D1A37F3C-1B97-4970-B464-50184345F997}.Release|Any CPU.ActiveCfg = Release|Any CPU
		{D1A37F3C-1B97-4970-B464-50184345F997}.Release|Any CPU.Build.0 = Release|Any CPU
	EndGlobalSection
	GlobalSection(SolutionProperties) = preSolution
		HideSolutionNode = FALSE
	EndGlobalSection
EndGlobal
